
Microsoft Visual Studio Solution File, Format Version 12.00
# Visual Studio Version 17
VisualStudioVersion = 17.9.34728.123
MinimumVisualStudioVersion = 10.0.40219.1
Project("{FAE04EC0-301F-11D3-BF4B-00C04F79EFBC}") = "YurtOtomasyonu", "YurtOtomasyonu\YurtOtomasyonu.csproj", "{0853B544-3C1C-420C-96A4-23C28A802D6F}"
EndProject
Global
	GlobalSection(SolutionConfigurationPlatforms) = preSolution
		Debug|Any CPU = Debug|Any CPU
		Release|Any CPU = Release|Any CPU
	EndGlobalSection
	GlobalSection(ProjectConfigurationPlatforms) = postSolution
		{0853B544-3C1C-420C-96A4-23C28A802D6F}.Debug|Any CPU.ActiveCfg = Debug|Any CPU
		{0853B544-3C1C-420C-96A4-23C28A802D6F}.Debug|Any CPU.Build.0 = Debug|Any CPU
		{0853B544-3C1C-420C-96A4-23C28A802D6F}.Release|Any CPU.ActiveCfg = Release|Any CPU
		{0853B544-3C1C-420C-96A4-23C28A802D6F}.Release|Any CPU.Build.0 = Release|Any CPU
	EndGlobalSection
	GlobalSection(SolutionProperties) = preSolution
		HideSolutionNode = FALSE
	EndGlobalSection
	GlobalSection(ExtensibilityGlobals) = postSolution
		SolutionGuid = {AA77CBC1-6685-48E4-BC30-71C30A994D41}
	EndGlobalSection
EndGlobal
